// !$*UTF8*$!
{
	archiveVersion = 1;
	classes = {
	};
	objectVersion = 46;
	objects = {

/* Begin PBXBuildFile section */
		AC5C8DC51E7B110400D0D20E /* AppDelegate.swift in Sources */ = {isa = PBXBuildFile; fileRef = AC5C8DC41E7B110400D0D20E /* AppDelegate.swift */; };
		AC5C8DC71E7B110400D0D20E /* ViewController.swift in Sources */ = {isa = PBXBuildFile; fileRef = AC5C8DC61E7B110400D0D20E /* ViewController.swift */; };
		AC5C8DCA1E7B110400D0D20E /* Main.storyboard in Resources */ = {isa = PBXBuildFile; fileRef = AC5C8DC81E7B110400D0D20E /* Main.storyboard */; };
		AC5C8DCD1E7B110400D0D20E /* KnifeCollection.xcdatamodeld in Sources */ = {isa = PBXBuildFile; fileRef = AC5C8DCB1E7B110400D0D20E /* KnifeCollection.xcdatamodeld */; };
		AC5C8DCF1E7B110400D0D20E /* Assets.xcassets in Resources */ = {isa = PBXBuildFile; fileRef = AC5C8DCE1E7B110400D0D20E /* Assets.xcassets */; };
		AC5C8DD21E7B110400D0D20E /* LaunchScreen.storyboard in Resources */ = {isa = PBXBuildFile; fileRef = AC5C8DD01E7B110400D0D20E /* LaunchScreen.storyboard */; };
		AC5C8DDA1E7B1AD100D0D20E /* outdoorEdgeRazorLite.jpg in Resources */ = {isa = PBXBuildFile; fileRef = AC5C8DD91E7B1AD100D0D20E /* outdoorEdgeRazorLite.jpg */; };
		ACB0403F1E7C73C5000761BC /* KnifeViewController.swift in Sources */ = {isa = PBXBuildFile; fileRef = ACB0403E1E7C73C5000761BC /* KnifeViewController.swift */; };
/* End PBXBuildFile section */

/* Begin PBXFileReference section */
		AC5C8DC11E7B110400D0D20E /* KnifeCollection.app */ = {isa = PBXFileReference; explicitFileType = wrapper.application; includeInIndex = 0; path = KnifeCollection.app; sourceTree = BUILT_PRODUCTS_DIR; };
		AC5C8DC41E7B110400D0D20E /* AppDelegate.swift */ = {isa = PBXFileReference; lastKnownFileType = sourcecode.swift; path = AppDelegate.swift; sourceTree = "<group>"; };
		AC5C8DC61E7B110400D0D20E /* ViewController.swift */ = {isa = PBXFileReference; lastKnownFileType = sourcecode.swift; path = ViewController.swift; sourceTree = "<group>"; };
		AC5C8DC91E7B110400D0D20E /* Base */ = {isa = PBXFileReference; lastKnownFileType = file.storyboard; name = Base; path = Base.lproj/Main.storyboard; sourceTree = "<group>"; };
		AC5C8DCC1E7B110400D0D20E /* KnifeCollection.xcdatamodel */ = {isa = PBXFileReference; lastKnownFileType = wrapper.xcdatamodel; path = KnifeCollection.xcdatamodel; sourceTree = "<group>"; };
		AC5C8DCE1E7B110400D0D20E /* Assets.xcassets */ = {isa = PBXFileReference; lastKnownFileType = folder.assetcatalog; path = Assets.xcassets; sourceTree = "<group>"; };
		AC5C8DD11E7B110400D0D20E /* Base */ = {isa = PBXFileReference; lastKnownFileType = file.storyboard; name = Base; path = Base.lproj/LaunchScreen.storyboard; sourceTree = "<group>"; };
		AC5C8DD31E7B110400D0D20E /* Info.plist */ = {isa = PBXFileReference; lastKnownFileType = text.plist.xml; path = Info.plist; sourceTree = "<group>"; };
		AC5C8DD91E7B1AD100D0D20E /* outdoorEdgeRazorLite.jpg */ = {isa = PBXFileReference; lastKnownFileType = image.jpeg; path = outdoorEdgeRazorLite.jpg; sourceTree = "<group>"; };
		ACB0403E1E7C73C5000761BC /* KnifeViewController.swift */ = {isa = PBXFileReference; fileEncoding = 4; lastKnownFileType = sourcecode.swift; path = KnifeViewController.swift; sourceTree = "<group>"; };
/* End PBXFileReference section */

/* Begin PBXFrameworksBuildPhase section */
		AC5C8DBE1E7B110300D0D20E /* Frameworks */ = {
			isa = PBXFrameworksBuildPhase;
			buildActionMask = 2147483647;
			files = (
			);
			runOnlyForDeploymentPostprocessing = 0;
		};
/* End PBXFrameworksBuildPhase section */

/* Begin PBXGroup section */
		AC5C8DB81E7B110300D0D20E = {
			isa = PBXGroup;
			children = (
				AC5C8DC31E7B110400D0D20E /* KnifeCollection */,
				AC5C8DC21E7B110400D0D20E /* Products */,
			);
			sourceTree = "<group>";
		};
		AC5C8DC21E7B110400D0D20E /* Products */ = {
			isa = PBXGroup;
			children = (
				AC5C8DC11E7B110400D0D20E /* KnifeCollection.app */,
			);
			name = Products;
			sourceTree = "<group>";
		};
		AC5C8DC31E7B110400D0D20E /* KnifeCollection */ = {
			isa = PBXGroup;
			children = (
				AC5C8DC41E7B110400D0D20E /* AppDelegate.swift */,
				AC5C8DD91E7B1AD100D0D20E /* outdoorEdgeRazorLite.jpg */,
				AC5C8DC61E7B110400D0D20E /* ViewController.swift */,
				ACB0403E1E7C73C5000761BC /* KnifeViewController.swift */,
				AC5C8DC81E7B110400D0D20E /* Main.storyboard */,
				AC5C8DCE1E7B110400D0D20E /* Assets.xcassets */,
				AC5C8DD01E7B110400D0D20E /* LaunchScreen.storyboard */,
				AC5C8DD31E7B110400D0D20E /* Info.plist */,
				AC5C8DCB1E7B110400D0D20E /* KnifeCollection.xcdatamodeld */,
			);
			path = KnifeCollection;
			sourceTree = "<group>";
		};
/* End PBXGroup section */

/* Begin PBXNativeTarget section */
		AC5C8DC01E7B110300D0D20E /* KnifeCollection */ = {
			isa = PBXNativeTarget;
			buildConfigurationList = AC5C8DD61E7B110400D0D20E /* Build configuration list for PBXNativeTarget "KnifeCollection" */;
			buildPhases = (
				AC5C8DBD1E7B110300D0D20E /* Sources */,
				AC5C8DBE1E7B110300D0D20E /* Frameworks */,
				AC5C8DBF1E7B110300D0D20E /* Resources */,
			);
			buildRules = (
			);
			dependencies = (
			);
			name = KnifeCollection;
			productName = KnifeCollection;
			productReference = AC5C8DC11E7B110400D0D20E /* KnifeCollection.app */;
			productType = "com.apple.product-type.application";
		};
/* End PBXNativeTarget section */

/* Begin PBXProject section */
		AC5C8DB91E7B110300D0D20E /* Project object */ = {
			isa = PBXProject;
			attributes = {
				LastSwiftUpdateCheck = 0800;
				LastUpgradeCheck = 0820;
				ORGANIZATIONNAME = "Bradley Stovall";
				TargetAttributes = {
					AC5C8DC01E7B110300D0D20E = {
						CreatedOnToolsVersion = 8.0;
						ProvisioningStyle = Automatic;
					};
				};
			};
			buildConfigurationList = AC5C8DBC1E7B110300D0D20E /* Build configuration list for PBXProject "KnifeCollection" */;
			compatibilityVersion = "Xcode 3.2";
			developmentRegion = English;
			hasScannedForEncodings = 0;
			knownRegions = (
				en,
				Base,
			);
			mainGroup = AC5C8DB81E7B110300D0D20E;
			productRefGroup = AC5C8DC21E7B110400D0D20E /* Products */;
			projectDirPath = "";
			projectRoot = "";
			targets = (
				AC5C8DC01E7B110300D0D20E /* KnifeCollection */,
			);
		};
/* End PBXProject section */

/* Begin PBXResourcesBuildPhase section */
		AC5C8DBF1E7B110300D0D20E /* Resources */ = {
			isa = PBXResourcesBuildPhase;
			buildActionMask = 2147483647;
			files = (
				AC5C8DDA1E7B1AD100D0D20E /* outdoorEdgeRazorLite.jpg in Resources */,
				AC5C8DD21E7B110400D0D20E /* LaunchScreen.storyboard in Resources */,
				AC5C8DCF1E7B110400D0D20E /* Assets.xcassets in Resources */,
				AC5C8DCA1E7B110400D0D20E /* Main.storyboard in Resources */,
			);
			runOnlyForDeploymentPostprocessing = 0;
		};
/* End PBXResourcesBuildPhase section */

/* Begin PBXSourcesBuildPhase section */
		AC5C8DBD1E7B110300D0D20E /* Sources */ = {
			isa = PBXSourcesBuildPhase;
			buildActionMask = 2147483647;
			files = (
				ACB0403F1E7C73C5000761BC /* KnifeViewController.swift in Sources */,
				AC5C8DCD1E7B110400D0D20E /* KnifeCollection.xcdatamodeld in Sources */,
				AC5C8DC71E7B110400D0D20E /* ViewController.swift in Sources */,
				AC5C8DC51E7B110400D0D20E /* AppDelegate.swift in Sources */,
			);
			runOnlyForDeploymentPostprocessing = 0;
		};
/* End PBXSourcesBuildPhase section */

/* Begin PBXVariantGroup section */
		AC5C8DC81E7B110400D0D20E /* Main.storyboard */ = {
			isa = PBXVariantGroup;
			children = (
				AC5C8DC91E7B110400D0D20E /* Base */,
			);
			name = Main.storyboard;
			sourceTree = "<group>";
		};
		AC5C8DD01E7B110400D0D20E /* LaunchScreen.storyboard */ = {
			isa = PBXVariantGroup;
			children = (
				AC5C8DD11E7B110400D0D20E /* Base */,
			);
			name = LaunchScreen.storyboard;
			sourceTree = "<group>";
		};
/* End PBXVariantGroup section */

/* Begin XCBuildConfiguration section */
		AC5C8DD41E7B110400D0D20E /* Debug */ = {
			isa = XCBuildConfiguration;
			buildSettings = {
				ALWAYS_SEARCH_USER_PATHS = NO;
				CLANG_ANALYZER_NONNULL = YES;
				CLANG_CXX_LANGUAGE_STANDARD = "gnu++0x";
				CLANG_CXX_LIBRARY = "libc++";
				CLANG_ENABLE_MODULES = YES;
				CLANG_ENABLE_OBJC_ARC = YES;
				CLANG_WARN_BOOL_CONVERSION = YES;
				CLANG_WARN_CONSTANT_CONVERSION = YES;
				CLANG_WARN_DIRECT_OBJC_ISA_USAGE = YES_ERROR;
				CLANG_WARN_DOCUMENTATION_COMMENTS = YES;
				CLANG_WARN_EMPTY_BODY = YES;
				CLANG_WARN_ENUM_CONVERSION = YES;
				CLANG_WARN_INFINITE_RECURSION = YES;
				CLANG_WARN_INT_CONVERSION = YES;
				CLANG_WARN_OBJC_ROOT_CLASS = YES_ERROR;
				CLANG_WARN_SUSPICIOUS_MOVE = YES;
				CLANG_WARN_SUSPICIOUS_MOVES = YES;
				CLANG_WARN_UNREACHABLE_CODE = YES;
				CLANG_WARN__DUPLICATE_METHOD_MATCH = YES;
				"CODE_SIGN_IDENTITY[sdk=iphoneos*]" = "iPhone Developer";
				COPY_PHASE_STRIP = NO;
				DEBUG_INFORMATION_FORMAT = dwarf;
				ENABLE_STRICT_OBJC_MSGSEND = YES;
				ENABLE_TESTABILITY = YES;
				GCC_C_LANGUAGE_STANDARD = gnu99;
				GCC_DYNAMIC_NO_PIC = NO;
				GCC_NO_COMMON_BLOCKS = YES;
				GCC_OPTIMIZATION_LEVEL = 0;
				GCC_PREPROCESSOR_DEFINITIONS = (
					"DEBUG=1",
					"$(inherited)",
				);
				GCC_WARN_64_TO_32_BIT_CONVERSION = YES;
				GCC_WARN_ABOUT_RETURN_TYPE = YES_ERROR;
				GCC_WARN_UNDECLARED_SELECTOR = YES;
				GCC_WARN_UNINITIALIZED_AUTOS = YES_AGGRESSIVE;
				GCC_WARN_UNUSED_FUNCTION = YES;
				GCC_WARN_UNUSED_VARIABLE = YES;
				IPHONEOS_DEPLOYMENT_TARGET = 10.0;
				MTL_ENABLE_DEBUG_INFO = YES;
				ONLY_ACTIVE_ARCH = YES;
				SDKROOT = iphoneos;
				SWIFT_ACTIVE_COMPILATION_CONDITIONS = DEBUG;
				SWIFT_OPTIMIZATION_LEVEL = "-Onone";
				TARGETED_DEVICE_FAMILY = "1,2";
			};
			name = Debug;
		};
		AC5C8DD51E7B110400D0D20E /* Release */ = {
			isa = XCBuildConfiguration;
			buildSettings = {
				ALWAYS_SEARCH_USER_PATHS = NO;
				CLANG_ANALYZER_NONNULL = YES;
				CLANG_CXX_LANGUAGE_STANDARD = "gnu++0x";
				CLANG_CXX_LIBRARY = "libc++";
				CLANG_ENABLE_MODULES = YES;
				CLANG_ENABLE_OBJC_ARC = YES;
				CLANG_WARN_BOOL_CONVERSION = YES;
				CLANG_WARN_CONSTANT_CONVERSION = YES;
				CLANG_WARN_DIRECT_OBJC_ISA_USAGE = YES_ERROR;
				CLANG_WARN_DOCUMENTATION_COMMENTS = YES;
				CLANG_WARN_EMPTY_BODY = YES;
				CLANG_WARN_ENUM_CONVERSION = YES;
				CLANG_WARN_INFINITE_RECURSION = YES;
				CLANG_WARN_INT_CONVERSION = YES;
				CLANG_WARN_OBJC_ROOT_CLASS = YES_ERROR;
				CLANG_WARN_SUSPICIOUS_MOVE = YES;
				CLANG_WARN_SUSPICIOUS_MOVES = YES;
				CLANG_WARN_UNREACHABLE_CODE = YES;
				CLANG_WARN__DUPLICATE_METHOD_MATCH = YES;
				"CODE_SIGN_IDENTITY[sdk=iphoneos*]" = "iPhone Developer";
				COPY_PHASE_STRIP = NO;
				DEBUG_INFORMATION_FORMAT = "dwarf-with-dsym";
				ENABLE_NS_ASSERTIONS = NO;
				ENABLE_STRICT_OBJC_MSGSEND = YES;
				GCC_C_LANGUAGE_STANDARD = gnu99;
				GCC_NO_COMMON_BLOCKS = YES;
				GCC_WARN_64_TO_32_BIT_CONVERSION = YES;
				GCC_WARN_ABOUT_RETURN_TYPE = YES_ERROR;
				GCC_WARN_UNDECLARED_SELECTOR = YES;
				GCC_WARN_UNINITIALIZED_AUTOS = YES_AGGRESSIVE;
				GCC_WARN_UNUSED_FUNCTION = YES;
				GCC_WARN_UNUSED_VARIABLE = YES;
				IPHONEOS_DEPLOYMENT_TARGET = 10.0;
				MTL_ENABLE_DEBUG_INFO = NO;
				SDKROOT = iphoneos;
				SWIFT_OPTIMIZATION_LEVEL = "-Owholemodule";
				TARGETED_DEVICE_FAMILY = "1,2";
				VALIDATE_PRODUCT = YES;
			};
			name = Release;
		};
		AC5C8DD71E7B110400D0D20E /* Debug */ = {
			isa = XCBuildConfiguration;
			buildSettings = {
				ASSETCATALOG_COMPILER_APPICON_NAME = AppIcon;
				INFOPLIST_FILE = KnifeCollection/Info.plist;
				LD_RUNPATH_SEARCH_PATHS = "$(inherited) @executable_path/Frameworks";
				PRODUCT_BUNDLE_IDENTIFIER = "com.bright-avenue.KnifeCollection";
				PRODUCT_NAME = "$(TARGET_NAME)";
				SWIFT_VERSION = 3.0;
			};
			name = Debug;
		};
		AC5C8DD81E7B110400D0D20E /* Release */ = {
			isa = XCBuildConfiguration;
			buildSettings = {
				ASSETCATALOG_COMPILER_APPICON_NAME = AppIcon;
				INFOPLIST_FILE = KnifeCollection/Info.plist;
				LD_RUNPATH_SEARCH_PATHS = "$(inherited) @executable_path/Frameworks";
				PRODUCT_BUNDLE_IDENTIFIER = "com.bright-avenue.KnifeCollection";
				PRODUCT_NAME = "$(TARGET_NAME)";
				SWIFT_VERSION = 3.0;
			};
			name = Release;
		};
/* End XCBuildConfiguration section */

/* Begin XCConfigurationList section */
		AC5C8DBC1E7B110300D0D20E /* Build configuration list for PBXProject "KnifeCollection" */ = {
			isa = XCConfigurationList;
			buildConfigurations = (
				AC5C8DD41E7B110400D0D20E /* Debug */,
				AC5C8DD51E7B110400D0D20E /* Release */,
			);
			defaultConfigurationIsVisible = 0;
			defaultConfigurationName = Release;
		};
		AC5C8DD61E7B110400D0D20E /* Build configuration list for PBXNativeTarget "KnifeCollection" */ = {
			isa = XCConfigurationList;
			buildConfigurations = (
				AC5C8DD71E7B110400D0D20E /* Debug */,
				AC5C8DD81E7B110400D0D20E /* Release */,
			);
			defaultConfigurationIsVisible = 0;
			defaultConfigurationName = Release;
		};
/* End XCConfigurationList section */

/* Begin XCVersionGroup section */
		AC5C8DCB1E7B110400D0D20E /* KnifeCollection.xcdatamodeld */ = {
			isa = XCVersionGroup;
			children = (
				AC5C8DCC1E7B110400D0D20E /* KnifeCollection.xcdatamodel */,
			);
			currentVersion = AC5C8DCC1E7B110400D0D20E /* KnifeCollection.xcdatamodel */;
			path = KnifeCollection.xcdatamodeld;
			sourceTree = "<group>";
			versionGroupType = wrapper.xcdatamodel;
		};
/* End XCVersionGroup section */
	};
	rootObject = AC5C8DB91E7B110300D0D20E /* Project object */;
}
